// !$*UTF8*$!
{
	archiveVersion = 1;
	classes = {
	};
	objectVersion = 56;
	objects = {

/* Begin PBXBuildFile section */
		1F05EB3FE2216A6508B407AA /* libPods-SwiftUILearning-SwiftUILearningUITests.a in Frameworks */ = {isa = PBXBuildFile; fileRef = 401D9B3DA176EB1EBEDFCC29 /* libPods-SwiftUILearning-SwiftUILearningUITests.a */; };
		4D36AA9D2CE1EE73001E869A /* TestPromise.swift in Sources */ = {isa = PBXBuildFile; fileRef = 4D36AA9C2CE1EE73001E869A /* TestPromise.swift */; };
		4D36AA9F2CE1F1D0001E869A /* SwiftNioPage.swift in Sources */ = {isa = PBXBuildFile; fileRef = 4D36AA9E2CE1F1D0001E869A /* SwiftNioPage.swift */; };
		4D36AAA12CE1FF4A001E869A /* TestPipline.swift in Sources */ = {isa = PBXBuildFile; fileRef = 4D36AAA02CE1FF4A001E869A /* TestPipline.swift */; };
		4D54F2A22CE31DAA00BDB183 /* SimpleOutboundHandler.swift in Sources */ = {isa = PBXBuildFile; fileRef = 4D54F2A12CE31DAA00BDB183 /* SimpleOutboundHandler.swift */; };
		4D54F2A42CE3511D00BDB183 /* SimpleSSLClientHandler.swift in Sources */ = {isa = PBXBuildFile; fileRef = 4D54F2A32CE3511D00BDB183 /* SimpleSSLClientHandler.swift */; };
		4D69F79D2CE4749900940D73 /* MyProtocolDecoder.swift in Sources */ = {isa = PBXBuildFile; fileRef = 4D69F79C2CE4749900940D73 /* MyProtocolDecoder.swift */; };
		4D69F79F2CE474C900940D73 /* MyProtocolEncoder.swift in Sources */ = {isa = PBXBuildFile; fileRef = 4D69F79E2CE474C900940D73 /* MyProtocolEncoder.swift */; };
		4D69F7A12CE4879A00940D73 /* HeartBeatHandler.swift in Sources */ = {isa = PBXBuildFile; fileRef = 4D69F7A02CE4879A00940D73 /* HeartBeatHandler.swift */; };
		4D69F7A32CE4A99F00940D73 /* ClientManager.swift in Sources */ = {isa = PBXBuildFile; fileRef = 4D69F7A22CE4A99F00940D73 /* ClientManager.swift */; };
		4D69F7A52CE4AA1700940D73 /* ClientHandler.swift in Sources */ = {isa = PBXBuildFile; fileRef = 4D69F7A42CE4AA1700940D73 /* ClientHandler.swift */; };
		4D7E9E0C2CD8DEF40098E36C /* client_cer.pem in Resources */ = {isa = PBXBuildFile; fileRef = 4D7E9E0A2CD8DEF40098E36C /* client_cer.pem */; };
		4D7E9E0D2CD8DEF40098E36C /* client_private.pem in Resources */ = {isa = PBXBuildFile; fileRef = 4D7E9E0B2CD8DEF40098E36C /* client_private.pem */; };
		4D7E9E0E2CD8DEF40098E36C /* ca.cer in Resources */ = {isa = PBXBuildFile; fileRef = 4D7E9E092CD8DEF40098E36C /* ca.cer */; };
		4D7E9E102CDA20000098E36C /* SimpleInboundHandler.swift in Sources */ = {isa = PBXBuildFile; fileRef = 4D7E9E0F2CDA20000098E36C /* SimpleInboundHandler.swift */; };
		4D976F972CD35F0F00F4745E /* TraderTaskDataStruct.pb.swift in Sources */ = {isa = PBXBuildFile; fileRef = 4D976F962CD35F0F00F4745E /* TraderTaskDataStruct.pb.swift */; };
		4D976F982CD35F0F00F4745E /* TraderTask.pb.swift in Sources */ = {isa = PBXBuildFile; fileRef = 4D976F952CD35F0F00F4745E /* TraderTask.pb.swift */; };
		4D976F9B2CD3609600F4745E /* NIOClient.swift in Sources */ = {isa = PBXBuildFile; fileRef = 4D976F9A2CD3609600F4745E /* NIOClient.swift */; };
		4D976F9D2CD4A83900F4745E /* GFMarsDefine.swift in Sources */ = {isa = PBXBuildFile; fileRef = 4D976F9C2CD4A83900F4745E /* GFMarsDefine.swift */; };
		4DCCAD6C2C927DB5003C6970 /* SwiftUILearningApp.swift in Sources */ = {isa = PBXBuildFile; fileRef = 4DCCAD6B2C927DB5003C6970 /* SwiftUILearningApp.swift */; };
		4DCCAD6E2C927DB5003C6970 /* ContentView.swift in Sources */ = {isa = PBXBuildFile; fileRef = 4DCCAD6D2C927DB5003C6970 /* ContentView.swift */; };
		4DCCAD702C927DB5003C6970 /* Item.swift in Sources */ = {isa = PBXBuildFile; fileRef = 4DCCAD6F2C927DB5003C6970 /* Item.swift */; };
		4DCCAD722C927DB6003C6970 /* Assets.xcassets in Resources */ = {isa = PBXBuildFile; fileRef = 4DCCAD712C927DB6003C6970 /* Assets.xcassets */; };
		4DCCAD762C927DB6003C6970 /* Preview Assets.xcassets in Resources */ = {isa = PBXBuildFile; fileRef = 4DCCAD752C927DB6003C6970 /* Preview Assets.xcassets */; };
		4DCCAD802C927DB6003C6970 /* SwiftUILearningTests.swift in Sources */ = {isa = PBXBuildFile; fileRef = 4DCCAD7F2C927DB6003C6970 /* SwiftUILearningTests.swift */; };
		4DCCAD8A2C927DB6003C6970 /* SwiftUILearningUITests.swift in Sources */ = {isa = PBXBuildFile; fileRef = 4DCCAD892C927DB6003C6970 /* SwiftUILearningUITests.swift */; };
		4DCCAD8C2C927DB6003C6970 /* SwiftUILearningUITestsLaunchTests.swift in Sources */ = {isa = PBXBuildFile; fileRef = 4DCCAD8B2C927DB6003C6970 /* SwiftUILearningUITestsLaunchTests.swift */; };
		4DCCAD992C927E48003C6970 /* SwiftUIView.swift in Sources */ = {isa = PBXBuildFile; fileRef = 4DCCAD982C927E48003C6970 /* SwiftUIView.swift */; };
		4DF53C722CA1628C00DBD535 /* customView.swift in Sources */ = {isa = PBXBuildFile; fileRef = 4DF53C712CA1628C00DBD535 /* customView.swift */; };
		5232875DCED14D4A0684E0B5 /* libPods-SwiftUILearning.a in Frameworks */ = {isa = PBXBuildFile; fileRef = D4D2ED0C5C564F17B73A7561 /* libPods-SwiftUILearning.a */; };
		5B4F76A87C3FCBCE14564888 /* libPods-SwiftUILearningTests.a in Frameworks */ = {isa = PBXBuildFile; fileRef = 15A161D68EE16FB45C9303D5 /* libPods-SwiftUILearningTests.a */; };
/* End PBXBuildFile section */

/* Begin PBXContainerItemProxy section */
		4DCCAD7C2C927DB6003C6970 /* PBXContainerItemProxy */ = {
			isa = PBXContainerItemProxy;
			containerPortal = 4DCCAD602C927DB5003C6970 /* Project object */;
			proxyType = 1;
			remoteGlobalIDString = 4DCCAD672C927DB5003C6970;
			remoteInfo = SwiftUILearning;
		};
		4DCCAD862C927DB6003C6970 /* PBXContainerItemProxy */ = {
			isa = PBXContainerItemProxy;
			containerPortal = 4DCCAD602C927DB5003C6970 /* Project object */;
			proxyType = 1;
			remoteGlobalIDString = 4DCCAD672C927DB5003C6970;
			remoteInfo = SwiftUILearning;
		};
/* End PBXContainerItemProxy section */

/* Begin PBXFileReference section */
		15A161D68EE16FB45C9303D5 /* libPods-SwiftUILearningTests.a */ = {isa = PBXFileReference; explicitFileType = archive.ar; includeInIndex = 0; path = "libPods-SwiftUILearningTests.a"; sourceTree = BUILT_PRODUCTS_DIR; };
		172500CF73F47094A45F0BF3 /* Pods-SwiftUILearning-SwiftUILearningUITests.release.xcconfig */ = {isa = PBXFileReference; includeInIndex = 1; lastKnownFileType = text.xcconfig; name = "Pods-SwiftUILearning-SwiftUILearningUITests.release.xcconfig"; path = "Target Support Files/Pods-SwiftUILearning-SwiftUILearningUITests/Pods-SwiftUILearning-SwiftUILearningUITests.release.xcconfig"; sourceTree = "<group>"; };
		401D9B3DA176EB1EBEDFCC29 /* libPods-SwiftUILearning-SwiftUILearningUITests.a */ = {isa = PBXFileReference; explicitFileType = archive.ar; includeInIndex = 0; path = "libPods-SwiftUILearning-SwiftUILearningUITests.a"; sourceTree = BUILT_PRODUCTS_DIR; };
		4D36AA9C2CE1EE73001E869A /* TestPromise.swift */ = {isa = PBXFileReference; lastKnownFileType = sourcecode.swift; path = TestPromise.swift; sourceTree = "<group>"; };
		4D36AA9E2CE1F1D0001E869A /* SwiftNioPage.swift */ = {isa = PBXFileReference; lastKnownFileType = sourcecode.swift; path = SwiftNioPage.swift; sourceTree = "<group>"; };
		4D36AAA02CE1FF4A001E869A /* TestPipline.swift */ = {isa = PBXFileReference; lastKnownFileType = sourcecode.swift; path = TestPipline.swift; sourceTree = "<group>"; };
		4D54F2A12CE31DAA00BDB183 /* SimpleOutboundHandler.swift */ = {isa = PBXFileReference; lastKnownFileType = sourcecode.swift; path = SimpleOutboundHandler.swift; sourceTree = "<group>"; };
		4D54F2A32CE3511D00BDB183 /* SimpleSSLClientHandler.swift */ = {isa = PBXFileReference; lastKnownFileType = sourcecode.swift; path = SimpleSSLClientHandler.swift; sourceTree = "<group>"; };
		4D69F79C2CE4749900940D73 /* MyProtocolDecoder.swift */ = {isa = PBXFileReference; lastKnownFileType = sourcecode.swift; path = MyProtocolDecoder.swift; sourceTree = "<group>"; };
		4D69F79E2CE474C900940D73 /* MyProtocolEncoder.swift */ = {isa = PBXFileReference; lastKnownFileType = sourcecode.swift; path = MyProtocolEncoder.swift; sourceTree = "<group>"; };
		4D69F7A02CE4879A00940D73 /* HeartBeatHandler.swift */ = {isa = PBXFileReference; lastKnownFileType = sourcecode.swift; path = HeartBeatHandler.swift; sourceTree = "<group>"; };
		4D69F7A22CE4A99F00940D73 /* ClientManager.swift */ = {isa = PBXFileReference; lastKnownFileType = sourcecode.swift; path = ClientManager.swift; sourceTree = "<group>"; };
		4D69F7A42CE4AA1700940D73 /* ClientHandler.swift */ = {isa = PBXFileReference; lastKnownFileType = sourcecode.swift; path = ClientHandler.swift; sourceTree = "<group>"; };
		4D7E9E092CD8DEF40098E36C /* ca.cer */ = {isa = PBXFileReference; lastKnownFileType = text; path = ca.cer; sourceTree = "<group>"; };
		4D7E9E0A2CD8DEF40098E36C /* client_cer.pem */ = {isa = PBXFileReference; lastKnownFileType = text; path = client_cer.pem; sourceTree = "<group>"; };
		4D7E9E0B2CD8DEF40098E36C /* client_private.pem */ = {isa = PBXFileReference; lastKnownFileType = text; path = client_private.pem; sourceTree = "<group>"; };
		4D7E9E0F2CDA20000098E36C /* SimpleInboundHandler.swift */ = {isa = PBXFileReference; lastKnownFileType = sourcecode.swift; path = SimpleInboundHandler.swift; sourceTree = "<group>"; };
		4D976F952CD35F0F00F4745E /* TraderTask.pb.swift */ = {isa = PBXFileReference; lastKnownFileType = sourcecode.swift; path = TraderTask.pb.swift; sourceTree = "<group>"; };
		4D976F962CD35F0F00F4745E /* TraderTaskDataStruct.pb.swift */ = {isa = PBXFileReference; lastKnownFileType = sourcecode.swift; path = TraderTaskDataStruct.pb.swift; sourceTree = "<group>"; };
		4D976F9A2CD3609600F4745E /* NIOClient.swift */ = {isa = PBXFileReference; lastKnownFileType = sourcecode.swift; path = NIOClient.swift; sourceTree = "<group>"; };
		4D976F9C2CD4A83900F4745E /* GFMarsDefine.swift */ = {isa = PBXFileReference; lastKnownFileType = sourcecode.swift; path = GFMarsDefine.swift; sourceTree = "<group>"; };
		4DCCAD682C927DB5003C6970 /* SwiftUILearning.app */ = {isa = PBXFileReference; explicitFileType = wrapper.application; includeInIndex = 0; path = SwiftUILearning.app; sourceTree = BUILT_PRODUCTS_DIR; };
		4DCCAD6B2C927DB5003C6970 /* SwiftUILearningApp.swift */ = {isa = PBXFileReference; lastKnownFileType = sourcecode.swift; path = SwiftUILearningApp.swift; sourceTree = "<group>"; };
		4DCCAD6D2C927DB5003C6970 /* ContentView.swift */ = {isa = PBXFileReference; lastKnownFileType = sourcecode.swift; path = ContentView.swift; sourceTree = "<group>"; };
		4DCCAD6F2C927DB5003C6970 /* Item.swift */ = {isa = PBXFileReference; lastKnownFileType = sourcecode.swift; path = Item.swift; sourceTree = "<group>"; };
		4DCCAD712C927DB6003C6970 /* Assets.xcassets */ = {isa = PBXFileReference; lastKnownFileType = folder.assetcatalog; path = Assets.xcassets; sourceTree = "<group>"; };
		4DCCAD732C927DB6003C6970 /* SwiftUILearning.entitlements */ = {isa = PBXFileReference; lastKnownFileType = text.plist.entitlements; path = SwiftUILearning.entitlements; sourceTree = "<group>"; };
		4DCCAD752C927DB6003C6970 /* Preview Assets.xcassets */ = {isa = PBXFileReference; lastKnownFileType = folder.assetcatalog; path = "Preview Assets.xcassets"; sourceTree = "<group>"; };
		4DCCAD7B2C927DB6003C6970 /* SwiftUILearningTests.xctest */ = {isa = PBXFileReference; explicitFileType = wrapper.cfbundle; includeInIndex = 0; path = SwiftUILearningTests.xctest; sourceTree = BUILT_PRODUCTS_DIR; };
		4DCCAD7F2C927DB6003C6970 /* SwiftUILearningTests.swift */ = {isa = PBXFileReference; lastKnownFileType = sourcecode.swift; path = SwiftUILearningTests.swift; sourceTree = "<group>"; };
		4DCCAD852C927DB6003C6970 /* SwiftUILearningUITests.xctest */ = {isa = PBXFileReference; explicitFileType = wrapper.cfbundle; includeInIndex = 0; path = SwiftUILearningUITests.xctest; sourceTree = BUILT_PRODUCTS_DIR; };
		4DCCAD892C927DB6003C6970 /* SwiftUILearningUITests.swift */ = {isa = PBXFileReference; lastKnownFileType = sourcecode.swift; path = SwiftUILearningUITests.swift; sourceTree = "<group>"; };
		4DCCAD8B2C927DB6003C6970 /* SwiftUILearningUITestsLaunchTests.swift */ = {isa = PBXFileReference; lastKnownFileType = sourcecode.swift; path = SwiftUILearningUITestsLaunchTests.swift; sourceTree = "<group>"; };
		4DCCAD982C927E48003C6970 /* SwiftUIView.swift */ = {isa = PBXFileReference; lastKnownFileType = sourcecode.swift; path = SwiftUIView.swift; sourceTree = "<group>"; };
		4DF53C712CA1628C00DBD535 /* customView.swift */ = {isa = PBXFileReference; lastKnownFileType = sourcecode.swift; path = customView.swift; sourceTree = "<group>"; };
		9A30CF29269E01EB811A148B /* Pods-SwiftUILearning-SwiftUILearningUITests.debug.xcconfig */ = {isa = PBXFileReference; includeInIndex = 1; lastKnownFileType = text.xcconfig; name = "Pods-SwiftUILearning-SwiftUILearningUITests.debug.xcconfig"; path = "Target Support Files/Pods-SwiftUILearning-SwiftUILearningUITests/Pods-SwiftUILearning-SwiftUILearningUITests.debug.xcconfig"; sourceTree = "<group>"; };
		BD1572816ED621AEB5BE5917 /* Pods-SwiftUILearningTests.release.xcconfig */ = {isa = PBXFileReference; includeInIndex = 1; lastKnownFileType = text.xcconfig; name = "Pods-SwiftUILearningTests.release.xcconfig"; path = "Target Support Files/Pods-SwiftUILearningTests/Pods-SwiftUILearningTests.release.xcconfig"; sourceTree = "<group>"; };
		C009B8853A59253D3B477227 /* Pods-SwiftUILearningTests.debug.xcconfig */ = {isa = PBXFileReference; includeInIndex = 1; lastKnownFileType = text.xcconfig; name = "Pods-SwiftUILearningTests.debug.xcconfig"; path = "Target Support Files/Pods-SwiftUILearningTests/Pods-SwiftUILearningTests.debug.xcconfig"; sourceTree = "<group>"; };
		CD2999D3658ED1C4285B7D9D /* Pods-SwiftUILearning.debug.xcconfig */ = {isa = PBXFileReference; includeInIndex = 1; lastKnownFileType = text.xcconfig; name = "Pods-SwiftUILearning.debug.xcconfig"; path = "Target Support Files/Pods-SwiftUILearning/Pods-SwiftUILearning.debug.xcconfig"; sourceTree = "<group>"; };
		D4D2ED0C5C564F17B73A7561 /* libPods-SwiftUILearning.a */ = {isa = PBXFileReference; explicitFileType = archive.ar; includeInIndex = 0; path = "libPods-SwiftUILearning.a"; sourceTree = BUILT_PRODUCTS_DIR; };
		DD692BAEDDC7210EBBB3ADBA /* Pods-SwiftUILearning.release.xcconfig */ = {isa = PBXFileReference; includeInIndex = 1; lastKnownFileType = text.xcconfig; name = "Pods-SwiftUILearning.release.xcconfig"; path = "Target Support Files/Pods-SwiftUILearning/Pods-SwiftUILearning.release.xcconfig"; sourceTree = "<group>"; };
/* End PBXFileReference section */

/* Begin PBXFrameworksBuildPhase section */
		4DCCAD652C927DB5003C6970 /* Frameworks */ = {
			isa = PBXFrameworksBuildPhase;
			buildActionMask = 2147483647;
			files = (
				5232875DCED14D4A0684E0B5 /* libPods-SwiftUILearning.a in Frameworks */,
			);
			runOnlyForDeploymentPostprocessing = 0;
		};
		4DCCAD782C927DB6003C6970 /* Frameworks */ = {
			isa = PBXFrameworksBuildPhase;
			buildActionMask = 2147483647;
			files = (
				5B4F76A87C3FCBCE14564888 /* libPods-SwiftUILearningTests.a in Frameworks */,
			);
			runOnlyForDeploymentPostprocessing = 0;
		};
		4DCCAD822C927DB6003C6970 /* Frameworks */ = {
			isa = PBXFrameworksBuildPhase;
			buildActionMask = 2147483647;
			files = (
				1F05EB3FE2216A6508B407AA /* libPods-SwiftUILearning-SwiftUILearningUITests.a in Frameworks */,
			);
			runOnlyForDeploymentPostprocessing = 0;
		};
/* End PBXFrameworksBuildPhase section */

/* Begin PBXGroup section */
		4D36AA9B2CE1EE65001E869A /* Test */ = {
			isa = PBXGroup;
			children = (
				4D36AA9C2CE1EE73001E869A /* TestPromise.swift */,
				4D36AAA02CE1FF4A001E869A /* TestPipline.swift */,
			);
			path = Test;
			sourceTree = "<group>";
		};
		4D69F7992CE4744B00940D73 /* Encoder&Decoder */ = {
			isa = PBXGroup;
			children = (
				4D69F79C2CE4749900940D73 /* MyProtocolDecoder.swift */,
				4D69F79E2CE474C900940D73 /* MyProtocolEncoder.swift */,
			);
			path = "Encoder&Decoder";
			sourceTree = "<group>";
		};
		4D7E9DFC2CD8C25A0098E36C /* Certification */ = {
			isa = PBXGroup;
			children = (
				4D7E9E092CD8DEF40098E36C /* ca.cer */,
				4D7E9E0A2CD8DEF40098E36C /* client_cer.pem */,
				4D7E9E0B2CD8DEF40098E36C /* client_private.pem */,
			);
			path = Certification;
			sourceTree = "<group>";
		};
		4D7E9E112CDAF6AF0098E36C /* Handler */ = {
			isa = PBXGroup;
			children = (
				4D7E9E0F2CDA20000098E36C /* SimpleInboundHandler.swift */,
				4D54F2A12CE31DAA00BDB183 /* SimpleOutboundHandler.swift */,
				4D54F2A32CE3511D00BDB183 /* SimpleSSLClientHandler.swift */,
				4D69F7A02CE4879A00940D73 /* HeartBeatHandler.swift */,
			);
			path = Handler;
			sourceTree = "<group>";
		};
		4D976F942CD35F0100F4745E /* proto */ = {
			isa = PBXGroup;
			children = (
				4D976F952CD35F0F00F4745E /* TraderTask.pb.swift */,
				4D976F962CD35F0F00F4745E /* TraderTaskDataStruct.pb.swift */,
			);
			path = proto;
			sourceTree = "<group>";
		};
		4D976F992CD3608200F4745E /* NIO */ = {
			isa = PBXGroup;
			children = (
				4D69F7992CE4744B00940D73 /* Encoder&Decoder */,
				4D36AA9B2CE1EE65001E869A /* Test */,
				4D7E9E112CDAF6AF0098E36C /* Handler */,
				4D7E9DFC2CD8C25A0098E36C /* Certification */,
				4D976F9A2CD3609600F4745E /* NIOClient.swift */,
				4D976F9C2CD4A83900F4745E /* GFMarsDefine.swift */,
				4D69F7A22CE4A99F00940D73 /* ClientManager.swift */,
				4D69F7A42CE4AA1700940D73 /* ClientHandler.swift */,
			);
			path = NIO;
			sourceTree = "<group>";
		};
		4DCCAD5F2C927DB5003C6970 = {
			isa = PBXGroup;
			children = (
				4DCCAD6A2C927DB5003C6970 /* SwiftUILearning */,
				4DCCAD7E2C927DB6003C6970 /* SwiftUILearningTests */,
				4DCCAD882C927DB6003C6970 /* SwiftUILearningUITests */,
				4DCCAD692C927DB5003C6970 /* Products */,
				C6F1E8C6F7D00C6410BB6266 /* Pods */,
				E747781DA4E5BBB0CEFA129D /* Frameworks */,
			);
			sourceTree = "<group>";
		};
		4DCCAD692C927DB5003C6970 /* Products */ = {
			isa = PBXGroup;
			children = (
				4DCCAD682C927DB5003C6970 /* SwiftUILearning.app */,
				4DCCAD7B2C927DB6003C6970 /* SwiftUILearningTests.xctest */,
				4DCCAD852C927DB6003C6970 /* SwiftUILearningUITests.xctest */,
			);
			name = Products;
			sourceTree = "<group>";
		};
		4DCCAD6A2C927DB5003C6970 /* SwiftUILearning */ = {
			isa = PBXGroup;
			children = (
				4D976F992CD3608200F4745E /* NIO */,
				4D976F942CD35F0100F4745E /* proto */,
				4DCCAD6B2C927DB5003C6970 /* SwiftUILearningApp.swift */,
				4DCCAD6D2C927DB5003C6970 /* ContentView.swift */,
				4DCCAD6F2C927DB5003C6970 /* Item.swift */,
				4DCCAD712C927DB6003C6970 /* Assets.xcassets */,
				4DCCAD732C927DB6003C6970 /* SwiftUILearning.entitlements */,
				4DCCAD742C927DB6003C6970 /* Preview Content */,
				4DCCAD982C927E48003C6970 /* SwiftUIView.swift */,
				4DF53C712CA1628C00DBD535 /* customView.swift */,
				4D36AA9E2CE1F1D0001E869A /* SwiftNioPage.swift */,
			);
			path = SwiftUILearning;
			sourceTree = "<group>";
		};
		4DCCAD742C927DB6003C6970 /* Preview Content */ = {
			isa = PBXGroup;
			children = (
				4DCCAD752C927DB6003C6970 /* Preview Assets.xcassets */,
			);
			path = "Preview Content";
			sourceTree = "<group>";
		};
		4DCCAD7E2C927DB6003C6970 /* SwiftUILearningTests */ = {
			isa = PBXGroup;
			children = (
				4DCCAD7F2C927DB6003C6970 /* SwiftUILearningTests.swift */,
			);
			path = SwiftUILearningTests;
			sourceTree = "<group>";
		};
		4DCCAD882C927DB6003C6970 /* SwiftUILearningUITests */ = {
			isa = PBXGroup;
			children = (
				4DCCAD892C927DB6003C6970 /* SwiftUILearningUITests.swift */,
				4DCCAD8B2C927DB6003C6970 /* SwiftUILearningUITestsLaunchTests.swift */,
			);
			path = SwiftUILearningUITests;
			sourceTree = "<group>";
		};
		C6F1E8C6F7D00C6410BB6266 /* Pods */ = {
			isa = PBXGroup;
			children = (
				CD2999D3658ED1C4285B7D9D /* Pods-SwiftUILearning.debug.xcconfig */,
				DD692BAEDDC7210EBBB3ADBA /* Pods-SwiftUILearning.release.xcconfig */,
				9A30CF29269E01EB811A148B /* Pods-SwiftUILearning-SwiftUILearningUITests.debug.xcconfig */,
				172500CF73F47094A45F0BF3 /* Pods-SwiftUILearning-SwiftUILearningUITests.release.xcconfig */,
				C009B8853A59253D3B477227 /* Pods-SwiftUILearningTests.debug.xcconfig */,
				BD1572816ED621AEB5BE5917 /* Pods-SwiftUILearningTests.release.xcconfig */,
			);
			path = Pods;
			sourceTree = "<group>";
		};
		E747781DA4E5BBB0CEFA129D /* Frameworks */ = {
			isa = PBXGroup;
			children = (
				D4D2ED0C5C564F17B73A7561 /* libPods-SwiftUILearning.a */,
				401D9B3DA176EB1EBEDFCC29 /* libPods-SwiftUILearning-SwiftUILearningUITests.a */,
				15A161D68EE16FB45C9303D5 /* libPods-SwiftUILearningTests.a */,
			);
			name = Frameworks;
			sourceTree = "<group>";
		};
/* End PBXGroup section */

/* Begin PBXNativeTarget section */
		4DCCAD672C927DB5003C6970 /* SwiftUILearning */ = {
			isa = PBXNativeTarget;
			buildConfigurationList = 4DCCAD8F2C927DB6003C6970 /* Build configuration list for PBXNativeTarget "SwiftUILearning" */;
			buildPhases = (
				AE912A929D205904CFA62106 /* [CP] Check Pods Manifest.lock */,
				4DCCAD642C927DB5003C6970 /* Sources */,
				4DCCAD652C927DB5003C6970 /* Frameworks */,
				4DCCAD662C927DB5003C6970 /* Resources */,
				76582209A01606B0F91F8CDC /* [CP] Copy Pods Resources */,
			);
			buildRules = (
			);
			dependencies = (
			);
			name = SwiftUILearning;
			productName = SwiftUILearning;
			productReference = 4DCCAD682C927DB5003C6970 /* SwiftUILearning.app */;
			productType = "com.apple.product-type.application";
		};
		4DCCAD7A2C927DB6003C6970 /* SwiftUILearningTests */ = {
			isa = PBXNativeTarget;
			buildConfigurationList = 4DCCAD922C927DB6003C6970 /* Build configuration list for PBXNativeTarget "SwiftUILearningTests" */;
			buildPhases = (
				840AE62B81F305AD3D2EE28C /* [CP] Check Pods Manifest.lock */,
				4DCCAD772C927DB6003C6970 /* Sources */,
				4DCCAD782C927DB6003C6970 /* Frameworks */,
				4DCCAD792C927DB6003C6970 /* Resources */,
			);
			buildRules = (
			);
			dependencies = (
				4DCCAD7D2C927DB6003C6970 /* PBXTargetDependency */,
			);
			name = SwiftUILearningTests;
			productName = SwiftUILearningTests;
			productReference = 4DCCAD7B2C927DB6003C6970 /* SwiftUILearningTests.xctest */;
			productType = "com.apple.product-type.bundle.unit-test";
		};
		4DCCAD842C927DB6003C6970 /* SwiftUILearningUITests */ = {
			isa = PBXNativeTarget;
			buildConfigurationList = 4DCCAD952C927DB6003C6970 /* Build configuration list for PBXNativeTarget "SwiftUILearningUITests" */;
			buildPhases = (
				72DF1D491A73AB87F210BEE0 /* [CP] Check Pods Manifest.lock */,
				4DCCAD812C927DB6003C6970 /* Sources */,
				4DCCAD822C927DB6003C6970 /* Frameworks */,
				4DCCAD832C927DB6003C6970 /* Resources */,
				B132F05E616749F5D1279063 /* [CP] Copy Pods Resources */,
			);
			buildRules = (
			);
			dependencies = (
				4DCCAD872C927DB6003C6970 /* PBXTargetDependency */,
			);
			name = SwiftUILearningUITests;
			productName = SwiftUILearningUITests;
			productReference = 4DCCAD852C927DB6003C6970 /* SwiftUILearningUITests.xctest */;
			productType = "com.apple.product-type.bundle.ui-testing";
		};
/* End PBXNativeTarget section */

/* Begin PBXProject section */
		4DCCAD602C927DB5003C6970 /* Project object */ = {
			isa = PBXProject;
			attributes = {
				BuildIndependentTargetsInParallel = 1;
				LastSwiftUpdateCheck = 1500;
				LastUpgradeCheck = 1500;
				TargetAttributes = {
					4DCCAD672C927DB5003C6970 = {
						CreatedOnToolsVersion = 15.0;
					};
					4DCCAD7A2C927DB6003C6970 = {
						CreatedOnToolsVersion = 15.0;
						TestTargetID = 4DCCAD672C927DB5003C6970;
					};
					4DCCAD842C927DB6003C6970 = {
						CreatedOnToolsVersion = 15.0;
						TestTargetID = 4DCCAD672C927DB5003C6970;
					};
				};
			};
			buildConfigurationList = 4DCCAD632C927DB5003C6970 /* Build configuration list for PBXProject "SwiftUILearning" */;
			compatibilityVersion = "Xcode 14.0";
			developmentRegion = en;
			hasScannedForEncodings = 0;
			knownRegions = (
				en,
				Base,
			);
			mainGroup = 4DCCAD5F2C927DB5003C6970;
			productRefGroup = 4DCCAD692C927DB5003C6970 /* Products */;
			projectDirPath = "";
			projectRoot = "";
			targets = (
				4DCCAD672C927DB5003C6970 /* SwiftUILearning */,
				4DCCAD7A2C927DB6003C6970 /* SwiftUILearningTests */,
				4DCCAD842C927DB6003C6970 /* SwiftUILearningUITests */,
			);
		};
/* End PBXProject section */

/* Begin PBXResourcesBuildPhase section */
		4DCCAD662C927DB5003C6970 /* Resources */ = {
			isa = PBXResourcesBuildPhase;
			buildActionMask = 2147483647;
			files = (
				4DCCAD762C927DB6003C6970 /* Preview Assets.xcassets in Resources */,
				4D7E9E0C2CD8DEF40098E36C /* client_cer.pem in Resources */,
				4D7E9E0D2CD8DEF40098E36C /* client_private.pem in Resources */,
				4D7E9E0E2CD8DEF40098E36C /* ca.cer in Resources */,
				4DCCAD722C927DB6003C6970 /* Assets.xcassets in Resources */,
			);
			runOnlyForDeploymentPostprocessing = 0;
		};
		4DCCAD792C927DB6003C6970 /* Resources */ = {
			isa = PBXResourcesBuildPhase;
			buildActionMask = 2147483647;
			files = (
			);
			runOnlyForDeploymentPostprocessing = 0;
		};
		4DCCAD832C927DB6003C6970 /* Resources */ = {
			isa = PBXResourcesBuildPhase;
			buildActionMask = 2147483647;
			files = (
			);
			runOnlyForDeploymentPostprocessing = 0;
		};
/* End PBXResourcesBuildPhase section */

/* Begin PBXShellScriptBuildPhase section */
		72DF1D491A73AB87F210BEE0 /* [CP] Check Pods Manifest.lock */ = {
			isa = PBXShellScriptBuildPhase;
			buildActionMask = 2147483647;
			files = (
			);
			inputFileListPaths = (
			);
			inputPaths = (
				"${PODS_PODFILE_DIR_PATH}/Podfile.lock",
				"${PODS_ROOT}/Manifest.lock",
			);
			name = "[CP] Check Pods Manifest.lock";
			outputFileListPaths = (
			);
			outputPaths = (
				"$(DERIVED_FILE_DIR)/Pods-SwiftUILearning-SwiftUILearningUITests-checkManifestLockResult.txt",
			);
			runOnlyForDeploymentPostprocessing = 0;
			shellPath = /bin/sh;
			shellScript = "diff \"${PODS_PODFILE_DIR_PATH}/Podfile.lock\" \"${PODS_ROOT}/Manifest.lock\" > /dev/null\nif [ $? != 0 ] ; then\n    # print error to STDERR\n    echo \"error: The sandbox is not in sync with the Podfile.lock. Run 'pod install' or update your CocoaPods installation.\" >&2\n    exit 1\nfi\n# This output is used by Xcode 'outputs' to avoid re-running this script phase.\necho \"SUCCESS\" > \"${SCRIPT_OUTPUT_FILE_0}\"\n";
			showEnvVarsInLog = 0;
		};
		76582209A01606B0F91F8CDC /* [CP] Copy Pods Resources */ = {
			isa = PBXShellScriptBuildPhase;
			buildActionMask = 2147483647;
			files = (
			);
			inputFileListPaths = (
				"${PODS_ROOT}/Target Support Files/Pods-SwiftUILearning/Pods-SwiftUILearning-resources-${CONFIGURATION}-input-files.xcfilelist",
			);
			name = "[CP] Copy Pods Resources";
			outputFileListPaths = (
				"${PODS_ROOT}/Target Support Files/Pods-SwiftUILearning/Pods-SwiftUILearning-resources-${CONFIGURATION}-output-files.xcfilelist",
			);
			runOnlyForDeploymentPostprocessing = 0;
			shellPath = /bin/sh;
			shellScript = "\"${PODS_ROOT}/Target Support Files/Pods-SwiftUILearning/Pods-SwiftUILearning-resources.sh\"\n";
			showEnvVarsInLog = 0;
		};
		840AE62B81F305AD3D2EE28C /* [CP] Check Pods Manifest.lock */ = {
			isa = PBXShellScriptBuildPhase;
			buildActionMask = 2147483647;
			files = (
			);
			inputFileListPaths = (
			);
			inputPaths = (
				"${PODS_PODFILE_DIR_PATH}/Podfile.lock",
				"${PODS_ROOT}/Manifest.lock",
			);
			name = "[CP] Check Pods Manifest.lock";
			outputFileListPaths = (
			);
			outputPaths = (
				"$(DERIVED_FILE_DIR)/Pods-SwiftUILearningTests-checkManifestLockResult.txt",
			);
			runOnlyForDeploymentPostprocessing = 0;
			shellPath = /bin/sh;
			shellScript = "diff \"${PODS_PODFILE_DIR_PATH}/Podfile.lock\" \"${PODS_ROOT}/Manifest.lock\" > /dev/null\nif [ $? != 0 ] ; then\n    # print error to STDERR\n    echo \"error: The sandbox is not in sync with the Podfile.lock. Run 'pod install' or update your CocoaPods installation.\" >&2\n    exit 1\nfi\n# This output is used by Xcode 'outputs' to avoid re-running this script phase.\necho \"SUCCESS\" > \"${SCRIPT_OUTPUT_FILE_0}\"\n";
			showEnvVarsInLog = 0;
		};
		AE912A929D205904CFA62106 /* [CP] Check Pods Manifest.lock */ = {
			isa = PBXShellScriptBuildPhase;
			buildActionMask = 2147483647;
			files = (
			);
			inputFileListPaths = (
			);
			inputPaths = (
				"${PODS_PODFILE_DIR_PATH}/Podfile.lock",
				"${PODS_ROOT}/Manifest.lock",
			);
			name = "[CP] Check Pods Manifest.lock";
			outputFileListPaths = (
			);
			outputPaths = (
				"$(DERIVED_FILE_DIR)/Pods-SwiftUILearning-checkManifestLockResult.txt",
			);
			runOnlyForDeploymentPostprocessing = 0;
			shellPath = /bin/sh;
			shellScript = "diff \"${PODS_PODFILE_DIR_PATH}/Podfile.lock\" \"${PODS_ROOT}/Manifest.lock\" > /dev/null\nif [ $? != 0 ] ; then\n    # print error to STDERR\n    echo \"error: The sandbox is not in sync with the Podfile.lock. Run 'pod install' or update your CocoaPods installation.\" >&2\n    exit 1\nfi\n# This output is used by Xcode 'outputs' to avoid re-running this script phase.\necho \"SUCCESS\" > \"${SCRIPT_OUTPUT_FILE_0}\"\n";
			showEnvVarsInLog = 0;
		};
		B132F05E616749F5D1279063 /* [CP] Copy Pods Resources */ = {
			isa = PBXShellScriptBuildPhase;
			buildActionMask = 2147483647;
			files = (
			);
			inputFileListPaths = (
				"${PODS_ROOT}/Target Support Files/Pods-SwiftUILearning-SwiftUILearningUITests/Pods-SwiftUILearning-SwiftUILearningUITests-resources-${CONFIGURATION}-input-files.xcfilelist",
			);
			name = "[CP] Copy Pods Resources";
			outputFileListPaths = (
				"${PODS_ROOT}/Target Support Files/Pods-SwiftUILearning-SwiftUILearningUITests/Pods-SwiftUILearning-SwiftUILearningUITests-resources-${CONFIGURATION}-output-files.xcfilelist",
			);
			runOnlyForDeploymentPostprocessing = 0;
			shellPath = /bin/sh;
			shellScript = "\"${PODS_ROOT}/Target Support Files/Pods-SwiftUILearning-SwiftUILearningUITests/Pods-SwiftUILearning-SwiftUILearningUITests-resources.sh\"\n";
			showEnvVarsInLog = 0;
		};
/* End PBXShellScriptBuildPhase section */

/* Begin PBXSourcesBuildPhase section */
		4DCCAD642C927DB5003C6970 /* Sources */ = {
			isa = PBXSourcesBuildPhase;
			buildActionMask = 2147483647;
			files = (
				4D69F79D2CE4749900940D73 /* MyProtocolDecoder.swift in Sources */,
				4D54F2A22CE31DAA00BDB183 /* SimpleOutboundHandler.swift in Sources */,
				4D36AA9D2CE1EE73001E869A /* TestPromise.swift in Sources */,
				4D36AA9F2CE1F1D0001E869A /* SwiftNioPage.swift in Sources */,
				4DF53C722CA1628C00DBD535 /* customView.swift in Sources */,
				4D69F7A12CE4879A00940D73 /* HeartBeatHandler.swift in Sources */,
				4D54F2A42CE3511D00BDB183 /* SimpleSSLClientHandler.swift in Sources */,
				4DCCAD6E2C927DB5003C6970 /* ContentView.swift in Sources */,
				4DCCAD702C927DB5003C6970 /* Item.swift in Sources */,
				4D976F972CD35F0F00F4745E /* TraderTaskDataStruct.pb.swift in Sources */,
				4D69F79F2CE474C900940D73 /* MyProtocolEncoder.swift in Sources */,
				4D69F7A52CE4AA1700940D73 /* ClientHandler.swift in Sources */,
				4D36AAA12CE1FF4A001E869A /* TestPipline.swift in Sources */,
				4D976F982CD35F0F00F4745E /* TraderTask.pb.swift in Sources */,
				4DCCAD992C927E48003C6970 /* SwiftUIView.swift in Sources */,
				4D976F9D2CD4A83900F4745E /* GFMarsDefine.swift in Sources */,
				4DCCAD6C2C927DB5003C6970 /* SwiftUILearningApp.swift in Sources */,
				4D7E9E102CDA20000098E36C /* SimpleInboundHandler.swift in Sources */,
				4D69F7A32CE4A99F00940D73 /* ClientManager.swift in Sources */,
				4D976F9B2CD3609600F4745E /* NIOClient.swift in Sources */,
			);
			runOnlyForDeploymentPostprocessing = 0;
		};
		4DCCAD772C927DB6003C6970 /* Sources */ = {
			isa = PBXSourcesBuildPhase;
			buildActionMask = 2147483647;
			files = (
				4DCCAD802C927DB6003C6970 /* SwiftUILearningTests.swift in Sources */,
			);
			runOnlyForDeploymentPostprocessing = 0;
		};
		4DCCAD812C927DB6003C6970 /* Sources */ = {
			isa = PBXSourcesBuildPhase;
			buildActionMask = 2147483647;
			files = (
				4DCCAD8C2C927DB6003C6970 /* SwiftUILearningUITestsLaunchTests.swift in Sources */,
				4DCCAD8A2C927DB6003C6970 /* SwiftUILearningUITests.swift in Sources */,
			);
			runOnlyForDeploymentPostprocessing = 0;
		};
/* End PBXSourcesBuildPhase section */

/* Begin PBXTargetDependency section */
		4DCCAD7D2C927DB6003C6970 /* PBXTargetDependency */ = {
			isa = PBXTargetDependency;
			target = 4DCCAD672C927DB5003C6970 /* SwiftUILearning */;
			targetProxy = 4DCCAD7C2C927DB6003C6970 /* PBXContainerItemProxy */;
		};
		4DCCAD872C927DB6003C6970 /* PBXTargetDependency */ = {
			isa = PBXTargetDependency;
			target = 4DCCAD672C927DB5003C6970 /* SwiftUILearning */;
			targetProxy = 4DCCAD862C927DB6003C6970 /* PBXContainerItemProxy */;
		};
/* End PBXTargetDependency section */

/* Begin XCBuildConfiguration section */
		4DCCAD8D2C927DB6003C6970 /* Debug */ = {
			isa = XCBuildConfiguration;
			buildSettings = {
				ALWAYS_SEARCH_USER_PATHS = NO;
				ASSETCATALOG_COMPILER_GENERATE_SWIFT_ASSET_SYMBOL_EXTENSIONS = YES;
				CLANG_ANALYZER_NONNULL = YES;
				CLANG_ANALYZER_NUMBER_OBJECT_CONVERSION = YES_AGGRESSIVE;
				CLANG_CXX_LANGUAGE_STANDARD = "gnu++20";
				CLANG_ENABLE_MODULES = YES;
				CLANG_ENABLE_OBJC_ARC = YES;
				CLANG_ENABLE_OBJC_WEAK = YES;
				CLANG_WARN_BLOCK_CAPTURE_AUTORELEASING = YES;
				CLANG_WARN_BOOL_CONVERSION = YES;
				CLANG_WARN_COMMA = YES;
				CLANG_WARN_CONSTANT_CONVERSION = YES;
				CLANG_WARN_DEPRECATED_OBJC_IMPLEMENTATIONS = YES;
				CLANG_WARN_DIRECT_OBJC_ISA_USAGE = YES_ERROR;
				CLANG_WARN_DOCUMENTATION_COMMENTS = YES;
				CLANG_WARN_EMPTY_BODY = YES;
				CLANG_WARN_ENUM_CONVERSION = YES;
				CLANG_WARN_INFINITE_RECURSION = YES;
				CLANG_WARN_INT_CONVERSION = YES;
				CLANG_WARN_NON_LITERAL_NULL_CONVERSION = YES;
				CLANG_WARN_OBJC_IMPLICIT_RETAIN_SELF = YES;
				CLANG_WARN_OBJC_LITERAL_CONVERSION = YES;
				CLANG_WARN_OBJC_ROOT_CLASS = YES_ERROR;
				CLANG_WARN_QUOTED_INCLUDE_IN_FRAMEWORK_HEADER = YES;
				CLANG_WARN_RANGE_LOOP_ANALYSIS = YES;
				CLANG_WARN_STRICT_PROTOTYPES = YES;
				CLANG_WARN_SUSPICIOUS_MOVE = YES;
				CLANG_WARN_UNGUARDED_AVAILABILITY = YES_AGGRESSIVE;
				CLANG_WARN_UNREACHABLE_CODE = YES;
				CLANG_WARN__DUPLICATE_METHOD_MATCH = YES;
				COPY_PHASE_STRIP = NO;
				DEBUG_INFORMATION_FORMAT = dwarf;
				ENABLE_STRICT_OBJC_MSGSEND = YES;
				ENABLE_TESTABILITY = YES;
				ENABLE_USER_SCRIPT_SANDBOXING = NO;
				GCC_C_LANGUAGE_STANDARD = gnu17;
				GCC_DYNAMIC_NO_PIC = NO;
				GCC_NO_COMMON_BLOCKS = YES;
				GCC_OPTIMIZATION_LEVEL = 0;
				GCC_PREPROCESSOR_DEFINITIONS = (
					"DEBUG=1",
					"$(inherited)",
				);
				GCC_WARN_64_TO_32_BIT_CONVERSION = YES;
				GCC_WARN_ABOUT_RETURN_TYPE = YES_ERROR;
				GCC_WARN_UNDECLARED_SELECTOR = YES;
				GCC_WARN_UNINITIALIZED_AUTOS = YES_AGGRESSIVE;
				GCC_WARN_UNUSED_FUNCTION = YES;
				GCC_WARN_UNUSED_VARIABLE = YES;
				LOCALIZATION_PREFERS_STRING_CATALOGS = YES;
				MTL_ENABLE_DEBUG_INFO = INCLUDE_SOURCE;
				MTL_FAST_MATH = YES;
				ONLY_ACTIVE_ARCH = YES;
				SWIFT_ACTIVE_COMPILATION_CONDITIONS = "DEBUG $(inherited)";
				SWIFT_OPTIMIZATION_LEVEL = "-Onone";
			};
			name = Debug;
		};
		4DCCAD8E2C927DB6003C6970 /* Release */ = {
			isa = XCBuildConfiguration;
			buildSettings = {
				ALWAYS_SEARCH_USER_PATHS = NO;
				ASSETCATALOG_COMPILER_GENERATE_SWIFT_ASSET_SYMBOL_EXTENSIONS = YES;
				CLANG_ANALYZER_NONNULL = YES;
				CLANG_ANALYZER_NUMBER_OBJECT_CONVERSION = YES_AGGRESSIVE;
				CLANG_CXX_LANGUAGE_STANDARD = "gnu++20";
				CLANG_ENABLE_MODULES = YES;
				CLANG_ENABLE_OBJC_ARC = YES;
				CLANG_ENABLE_OBJC_WEAK = YES;
				CLANG_WARN_BLOCK_CAPTURE_AUTORELEASING = YES;
				CLANG_WARN_BOOL_CONVERSION = YES;
				CLANG_WARN_COMMA = YES;
				CLANG_WARN_CONSTANT_CONVERSION = YES;
				CLANG_WARN_DEPRECATED_OBJC_IMPLEMENTATIONS = YES;
				CLANG_WARN_DIRECT_OBJC_ISA_USAGE = YES_ERROR;
				CLANG_WARN_DOCUMENTATION_COMMENTS = YES;
				CLANG_WARN_EMPTY_BODY = YES;
				CLANG_WARN_ENUM_CONVERSION = YES;
				CLANG_WARN_INFINITE_RECURSION = YES;
				CLANG_WARN_INT_CONVERSION = YES;
				CLANG_WARN_NON_LITERAL_NULL_CONVERSION = YES;
				CLANG_WARN_OBJC_IMPLICIT_RETAIN_SELF = YES;
				CLANG_WARN_OBJC_LITERAL_CONVERSION = YES;
				CLANG_WARN_OBJC_ROOT_CLASS = YES_ERROR;
				CLANG_WARN_QUOTED_INCLUDE_IN_FRAMEWORK_HEADER = YES;
				CLANG_WARN_RANGE_LOOP_ANALYSIS = YES;
				CLANG_WARN_STRICT_PROTOTYPES = YES;
				CLANG_WARN_SUSPICIOUS_MOVE = YES;
				CLANG_WARN_UNGUARDED_AVAILABILITY = YES_AGGRESSIVE;
				CLANG_WARN_UNREACHABLE_CODE = YES;
				CLANG_WARN__DUPLICATE_METHOD_MATCH = YES;
				COPY_PHASE_STRIP = NO;
				DEBUG_INFORMATION_FORMAT = "dwarf-with-dsym";
				ENABLE_NS_ASSERTIONS = NO;
				ENABLE_STRICT_OBJC_MSGSEND = YES;
				ENABLE_USER_SCRIPT_SANDBOXING = NO;
				GCC_C_LANGUAGE_STANDARD = gnu17;
				GCC_NO_COMMON_BLOCKS = YES;
				GCC_WARN_64_TO_32_BIT_CONVERSION = YES;
				GCC_WARN_ABOUT_RETURN_TYPE = YES_ERROR;
				GCC_WARN_UNDECLARED_SELECTOR = YES;
				GCC_WARN_UNINITIALIZED_AUTOS = YES_AGGRESSIVE;
				GCC_WARN_UNUSED_FUNCTION = YES;
				GCC_WARN_UNUSED_VARIABLE = YES;
				LOCALIZATION_PREFERS_STRING_CATALOGS = YES;
				MTL_ENABLE_DEBUG_INFO = NO;
				MTL_FAST_MATH = YES;
				SWIFT_COMPILATION_MODE = wholemodule;
			};
			name = Release;
		};
		4DCCAD902C927DB6003C6970 /* Debug */ = {
			isa = XCBuildConfiguration;
			baseConfigurationReference = CD2999D3658ED1C4285B7D9D /* Pods-SwiftUILearning.debug.xcconfig */;
			buildSettings = {
				ASSETCATALOG_COMPILER_APPICON_NAME = AppIcon;
				ASSETCATALOG_COMPILER_GLOBAL_ACCENT_COLOR_NAME = AccentColor;
				CODE_SIGN_ENTITLEMENTS = SwiftUILearning/SwiftUILearning.entitlements;
				CODE_SIGN_STYLE = Automatic;
				CURRENT_PROJECT_VERSION = 1;
				DEVELOPMENT_ASSET_PATHS = "\"SwiftUILearning/Preview Content\"";
				DEVELOPMENT_TEAM = 78P7WG667T;
				ENABLE_HARDENED_RUNTIME = YES;
				ENABLE_PREVIEWS = YES;
				GENERATE_INFOPLIST_FILE = YES;
				INFOPLIST_KEY_NSPhotoLibraryAddUsageDescription = save;
				"INFOPLIST_KEY_UIApplicationSceneManifest_Generation[sdk=iphoneos*]" = YES;
				"INFOPLIST_KEY_UIApplicationSceneManifest_Generation[sdk=iphonesimulator*]" = YES;
				"INFOPLIST_KEY_UIApplicationSupportsIndirectInputEvents[sdk=iphoneos*]" = YES;
				"INFOPLIST_KEY_UIApplicationSupportsIndirectInputEvents[sdk=iphonesimulator*]" = YES;
				"INFOPLIST_KEY_UILaunchScreen_Generation[sdk=iphoneos*]" = YES;
				"INFOPLIST_KEY_UILaunchScreen_Generation[sdk=iphonesimulator*]" = YES;
				"INFOPLIST_KEY_UIStatusBarStyle[sdk=iphoneos*]" = UIStatusBarStyleDefault;
				"INFOPLIST_KEY_UIStatusBarStyle[sdk=iphonesimulator*]" = UIStatusBarStyleDefault;
				INFOPLIST_KEY_UISupportedInterfaceOrientations_iPad = "UIInterfaceOrientationPortrait UIInterfaceOrientationPortraitUpsideDown UIInterfaceOrientationLandscapeLeft UIInterfaceOrientationLandscapeRight";
				INFOPLIST_KEY_UISupportedInterfaceOrientations_iPhone = "UIInterfaceOrientationPortrait UIInterfaceOrientationLandscapeLeft UIInterfaceOrientationLandscapeRight";
				IPHONEOS_DEPLOYMENT_TARGET = 17.0;
				LD_RUNPATH_SEARCH_PATHS = "@executable_path/Frameworks";
				"LD_RUNPATH_SEARCH_PATHS[sdk=macosx*]" = "@executable_path/../Frameworks";
				MACOSX_DEPLOYMENT_TARGET = 14.0;
				MARKETING_VERSION = 1.0;
				PRODUCT_BUNDLE_IDENTIFIER = com.jpf.SwiftUILearning;
				PRODUCT_NAME = "$(TARGET_NAME)";
				SDKROOT = auto;
				SUPPORTED_PLATFORMS = "iphoneos iphonesimulator macosx";
				SWIFT_EMIT_LOC_STRINGS = YES;
				SWIFT_VERSION = 5.0;
				TARGETED_DEVICE_FAMILY = "1,2";
			};
			name = Debug;
		};
		4DCCAD912C927DB6003C6970 /* Release */ = {
			isa = XCBuildConfiguration;
			baseConfigurationReference = DD692BAEDDC7210EBBB3ADBA /* Pods-SwiftUILearning.release.xcconfig */;
			buildSettings = {
				ASSETCATALOG_COMPILER_APPICON_NAME = AppIcon;
				ASSETCATALOG_COMPILER_GLOBAL_ACCENT_COLOR_NAME = AccentColor;
				CODE_SIGN_ENTITLEMENTS = SwiftUILearning/SwiftUILearning.entitlements;
				CODE_SIGN_STYLE = Automatic;
				CURRENT_PROJECT_VERSION = 1;
				DEVELOPMENT_ASSET_PATHS = "\"SwiftUILearning/Preview Content\"";
				DEVELOPMENT_TEAM = 78P7WG667T;
				ENABLE_HARDENED_RUNTIME = YES;
				ENABLE_PREVIEWS = YES;
				GENERATE_INFOPLIST_FILE = YES;
				INFOPLIST_KEY_NSPhotoLibraryAddUsageDescription = save;
				"INFOPLIST_KEY_UIApplicationSceneManifest_Generation[sdk=iphoneos*]" = YES;
				"INFOPLIST_KEY_UIApplicationSceneManifest_Generation[sdk=iphonesimulator*]" = YES;
				"INFOPLIST_KEY_UIApplicationSupportsIndirectInputEvents[sdk=iphoneos*]" = YES;
				"INFOPLIST_KEY_UIApplicationSupportsIndirectInputEvents[sdk=iphonesimulator*]" = YES;
				"INFOPLIST_KEY_UILaunchScreen_Generation[sdk=iphoneos*]" = YES;
				"INFOPLIST_KEY_UILaunchScreen_Generation[sdk=iphonesimulator*]" = YES;
				"INFOPLIST_KEY_UIStatusBarStyle[sdk=iphoneos*]" = UIStatusBarStyleDefault;
				"INFOPLIST_KEY_UIStatusBarStyle[sdk=iphonesimulator*]" = UIStatusBarStyleDefault;
				INFOPLIST_KEY_UISupportedInterfaceOrientations_iPad = "UIInterfaceOrientationPortrait UIInterfaceOrientationPortraitUpsideDown UIInterfaceOrientationLandscapeLeft UIInterfaceOrientationLandscapeRight";
				INFOPLIST_KEY_UISupportedInterfaceOrientations_iPhone = "UIInterfaceOrientationPortrait UIInterfaceOrientationLandscapeLeft UIInterfaceOrientationLandscapeRight";
				IPHONEOS_DEPLOYMENT_TARGET = 17.0;
				LD_RUNPATH_SEARCH_PATHS = "@executable_path/Frameworks";
				"LD_RUNPATH_SEARCH_PATHS[sdk=macosx*]" = "@executable_path/../Frameworks";
				MACOSX_DEPLOYMENT_TARGET = 14.0;
				MARKETING_VERSION = 1.0;
				PRODUCT_BUNDLE_IDENTIFIER = com.jpf.SwiftUILearning;
				PRODUCT_NAME = "$(TARGET_NAME)";
				SDKROOT = auto;
				SUPPORTED_PLATFORMS = "iphoneos iphonesimulator macosx";
				SWIFT_EMIT_LOC_STRINGS = YES;
				SWIFT_VERSION = 5.0;
				TARGETED_DEVICE_FAMILY = "1,2";
			};
			name = Release;
		};
		4DCCAD932C927DB6003C6970 /* Debug */ = {
			isa = XCBuildConfiguration;
			baseConfigurationReference = C009B8853A59253D3B477227 /* Pods-SwiftUILearningTests.debug.xcconfig */;
			buildSettings = {
				ALWAYS_EMBED_SWIFT_STANDARD_LIBRARIES = YES;
				BUNDLE_LOADER = "$(TEST_HOST)";
				CODE_SIGN_STYLE = Automatic;
				CURRENT_PROJECT_VERSION = 1;
				DEVELOPMENT_TEAM = 78P7WG667T;
				GENERATE_INFOPLIST_FILE = YES;
				IPHONEOS_DEPLOYMENT_TARGET = 17.0;
				MACOSX_DEPLOYMENT_TARGET = 14.0;
				MARKETING_VERSION = 1.0;
				PRODUCT_BUNDLE_IDENTIFIER = com.jpf.SwiftUILearningTests;
				PRODUCT_NAME = "$(TARGET_NAME)";
				SDKROOT = auto;
				SUPPORTED_PLATFORMS = "iphoneos iphonesimulator macosx";
				SWIFT_EMIT_LOC_STRINGS = NO;
				SWIFT_VERSION = 5.0;
				TARGETED_DEVICE_FAMILY = "1,2";
				TEST_HOST = "$(BUILT_PRODUCTS_DIR)/SwiftUILearning.app/$(BUNDLE_EXECUTABLE_FOLDER_PATH)/SwiftUILearning";
			};
			name = Debug;
		};
		4DCCAD942C927DB6003C6970 /* Release */ = {
			isa = XCBuildConfiguration;
			baseConfigurationReference = BD1572816ED621AEB5BE5917 /* Pods-SwiftUILearningTests.release.xcconfig */;
			buildSettings = {
				ALWAYS_EMBED_SWIFT_STANDARD_LIBRARIES = YES;
				BUNDLE_LOADER = "$(TEST_HOST)";
				CODE_SIGN_STYLE = Automatic;
				CURRENT_PROJECT_VERSION = 1;
				DEVELOPMENT_TEAM = 78P7WG667T;
				GENERATE_INFOPLIST_FILE = YES;
				IPHONEOS_DEPLOYMENT_TARGET = 17.0;
				MACOSX_DEPLOYMENT_TARGET = 14.0;
				MARKETING_VERSION = 1.0;
				PRODUCT_BUNDLE_IDENTIFIER = com.jpf.SwiftUILearningTests;
				PRODUCT_NAME = "$(TARGET_NAME)";
				SDKROOT = auto;
				SUPPORTED_PLATFORMS = "iphoneos iphonesimulator macosx";
				SWIFT_EMIT_LOC_STRINGS = NO;
				SWIFT_VERSION = 5.0;
				TARGETED_DEVICE_FAMILY = "1,2";
				TEST_HOST = "$(BUILT_PRODUCTS_DIR)/SwiftUILearning.app/$(BUNDLE_EXECUTABLE_FOLDER_PATH)/SwiftUILearning";
			};
			name = Release;
		};
		4DCCAD962C927DB6003C6970 /* Debug */ = {
			isa = XCBuildConfiguration;
			baseConfigurationReference = 9A30CF29269E01EB811A148B /* Pods-SwiftUILearning-SwiftUILearningUITests.debug.xcconfig */;
			buildSettings = {
				ALWAYS_EMBED_SWIFT_STANDARD_LIBRARIES = YES;
				CODE_SIGN_STYLE = Automatic;
				CURRENT_PROJECT_VERSION = 1;
				DEVELOPMENT_TEAM = 78P7WG667T;
				GENERATE_INFOPLIST_FILE = YES;
				IPHONEOS_DEPLOYMENT_TARGET = 17.0;
				MACOSX_DEPLOYMENT_TARGET = 14.0;
				MARKETING_VERSION = 1.0;
				PRODUCT_BUNDLE_IDENTIFIER = com.jpf.SwiftUILearningUITests;
				PRODUCT_NAME = "$(TARGET_NAME)";
				SDKROOT = auto;
				SUPPORTED_PLATFORMS = "iphoneos iphonesimulator macosx";
				SWIFT_EMIT_LOC_STRINGS = NO;
				SWIFT_VERSION = 5.0;
				TARGETED_DEVICE_FAMILY = "1,2";
				TEST_TARGET_NAME = SwiftUILearning;
			};
			name = Debug;
		};
		4DCCAD972C927DB6003C6970 /* Release */ = {
			isa = XCBuildConfiguration;
			baseConfigurationReference = 172500CF73F47094A45F0BF3 /* Pods-SwiftUILearning-SwiftUILearningUITests.release.xcconfig */;
			buildSettings = {
				ALWAYS_EMBED_SWIFT_STANDARD_LIBRARIES = YES;
				CODE_SIGN_STYLE = Automatic;
				CURRENT_PROJECT_VERSION = 1;
				DEVELOPMENT_TEAM = 78P7WG667T;
				GENERATE_INFOPLIST_FILE = YES;
				IPHONEOS_DEPLOYMENT_TARGET = 17.0;
				MACOSX_DEPLOYMENT_TARGET = 14.0;
				MARKETING_VERSION = 1.0;
				PRODUCT_BUNDLE_IDENTIFIER = com.jpf.SwiftUILearningUITests;
				PRODUCT_NAME = "$(TARGET_NAME)";
				SDKROOT = auto;
				SUPPORTED_PLATFORMS = "iphoneos iphonesimulator macosx";
				SWIFT_EMIT_LOC_STRINGS = NO;
				SWIFT_VERSION = 5.0;
				TARGETED_DEVICE_FAMILY = "1,2";
				TEST_TARGET_NAME = SwiftUILearning;
			};
			name = Release;
		};
/* End XCBuildConfiguration section */

/* Begin XCConfigurationList section */
		4DCCAD632C927DB5003C6970 /* Build configuration list for PBXProject "SwiftUILearning" */ = {
			isa = XCConfigurationList;
			buildConfigurations = (
				4DCCAD8D2C927DB6003C6970 /* Debug */,
				4DCCAD8E2C927DB6003C6970 /* Release */,
			);
			defaultConfigurationIsVisible = 0;
			defaultConfigurationName = Release;
		};
		4DCCAD8F2C927DB6003C6970 /* Build configuration list for PBXNativeTarget "SwiftUILearning" */ = {
			isa = XCConfigurationList;
			buildConfigurations = (
				4DCCAD902C927DB6003C6970 /* Debug */,
				4DCCAD912C927DB6003C6970 /* Release */,
			);
			defaultConfigurationIsVisible = 0;
			defaultConfigurationName = Release;
		};
		4DCCAD922C927DB6003C6970 /* Build configuration list for PBXNativeTarget "SwiftUILearningTests" */ = {
			isa = XCConfigurationList;
			buildConfigurations = (
				4DCCAD932C927DB6003C6970 /* Debug */,
				4DCCAD942C927DB6003C6970 /* Release */,
			);
			defaultConfigurationIsVisible = 0;
			defaultConfigurationName = Release;
		};
		4DCCAD952C927DB6003C6970 /* Build configuration list for PBXNativeTarget "SwiftUILearningUITests" */ = {
			isa = XCConfigurationList;
			buildConfigurations = (
				4DCCAD962C927DB6003C6970 /* Debug */,
				4DCCAD972C927DB6003C6970 /* Release */,
			);
			defaultConfigurationIsVisible = 0;
			defaultConfigurationName = Release;
		};
/* End XCConfigurationList section */
	};
	rootObject = 4DCCAD602C927DB5003C6970 /* Project object */;
}
